<?xml version="1.0" encoding="utf-8"?>
<Project ToolsVersion="4.0" xmlns="http://schemas.microsoft.com/developer/msbuild/2003">
  <ItemGroup>
    <Filter Include="原始程式檔">
      <UniqueIdentifier>{4FC737F1-C7A5-4376-A066-2A32D752A2FF}</UniqueIdentifier>
      <Extensions>cpp;c;cc;cxx;def;odl;idl;hpj;bat;asm;asmx</Extensions>
    </Filter>
    <Filter Include="標頭檔">
      <UniqueIdentifier>{93995380-89BD-4b04-88EB-625FBE52EBFB}</UniqueIdentifier>
      <Extensions>h;hpp;hxx;hm;inl;inc;xsd</Extensions>
    </Filter>
    <Filter Include="資源檔">
      <UniqueIdentifier>{67DA6AB6-F800-4c08-8B7A-83BB121AAD01}</UniqueIdentifier>
      <Extensions>rc;ico;cur;bmp;dlg;rc2;rct;bin;rgs;gif;jpg;jpeg;jpe;resx;tiff;tif;png;wav;mfcribbon-ms</Extensions>
    </Filter>
    <Filter Include="Common">
      <UniqueIdentifier>{a3a13fbf-12e6-40b6-b6be-8380c0a38d7c}</UniqueIdentifier>
    </Filter>
    <Filter Include="原始程式檔\Shader">
      <UniqueIdentifier>{c0f375a0-d333-4a53-b814-87fb1e9c0a36}</UniqueIdentifier>
    </Filter>
  </ItemGroup>
  <ItemGroup>
    <ClCompile Include="InitShader.cpp">
      <Filter>原始程式檔</Filter>
    </ClCompile>
    <ClCompile Include="Common\common.cpp">
      <Filter>Common</Filter>
    </ClCompile>
    <ClCompile Include="Common\Timer.cpp">
      <Filter>Common</Filter>
    </ClCompile>
    <ClCompile Include="Common\CQuad.cpp">
      <Filter>Common</Filter>
    </ClCompile>
    <ClCompile Include="Common\CQuadEX2B.cpp">
      <Filter>Common</Filter>
    </ClCompile>
    <ClCompile Include="Example1.cpp">
      <Filter>原始程式檔\Shader</Filter>
    </ClCompile>
    <ClCompile Include="Common\Propeller.cpp">
      <Filter>Common</Filter>
    </ClCompile>
    <ClCompile Include="Common\plane2.cpp">
      <Filter>Common</Filter>
    </ClCompile>
    <ClCompile Include="Common\Background1.cpp">
      <Filter>Common</Filter>
    </ClCompile>
    <ClCompile Include="Common\enemy.cpp">
      <Filter>Common</Filter>
    </ClCompile>
    <ClCompile Include="Common\enemy2.cpp">
      <Filter>Common</Filter>
    </ClCompile>
    <ClCompile Include="Common\enemy3.cpp">
      <Filter>Common</Filter>
    </ClCompile>
    <ClCompile Include="Common\bullet.cpp">
      <Filter>Common</Filter>
    </ClCompile>
    <ClCompile Include="Common\Ebullet.cpp">
      <Filter>Common</Filter>
    </ClCompile>
    <ClCompile Include="Common\fire.cpp">
      <Filter>Common</Filter>
    </ClCompile>
    <ClCompile Include="Common\Boss.cpp">
      <Filter>Common</Filter>
    </ClCompile>
    <ClCompile Include="Common\BossEye.cpp">
      <Filter>Common</Filter>
    </ClCompile>
    <ClCompile Include="Common\GuidedMissile.cpp">
      <Filter>Common</Filter>
    </ClCompile>
  </ItemGroup>
  <ItemGroup>
    <ClInclude Include="Header\Angel.h">
      <Filter>標頭檔</Filter>
    </ClInclude>
    <ClInclude Include="Header\CheckError.h">
      <Filter>標頭檔</Filter>
    </ClInclude>
    <ClInclude Include="Header\mat.h">
      <Filter>標頭檔</Filter>
    </ClInclude>
    <ClInclude Include="Header\vec.h">
      <Filter>標頭檔</Filter>
    </ClInclude>
    <ClInclude Include="Common\Timer.h">
      <Filter>Common</Filter>
    </ClInclude>
    <ClInclude Include="Common\CQuad.h">
      <Filter>Common</Filter>
    </ClInclude>
    <ClInclude Include="Common\CQuadEX2B.h">
      <Filter>Common</Filter>
    </ClInclude>
    <ClInclude Include="Common\Propeller.h">
      <Filter>Common</Filter>
    </ClInclude>
    <ClInclude Include="Common\plane2.h">
      <Filter>Common</Filter>
    </ClInclude>
    <ClInclude Include="Common\Background1.h">
      <Filter>Common</Filter>
    </ClInclude>
    <ClInclude Include="Common\enemy.h">
      <Filter>Common</Filter>
    </ClInclude>
    <ClInclude Include="Common\enemy2.h">
      <Filter>Common</Filter>
    </ClInclude>
    <ClInclude Include="Common\enemy3.h">
      <Filter>Common</Filter>
    </ClInclude>
    <ClInclude Include="Common\bullet.h">
      <Filter>Common</Filter>
    </ClInclude>
    <ClInclude Include="Common\Ebullet.h">
      <Filter>Common</Filter>
    </ClInclude>
    <ClInclude Include="Common\fire.h">
      <Filter>Common</Filter>
    </ClInclude>
    <ClInclude Include="Common\Boss.h">
      <Filter>Common</Filter>
    </ClInclude>
    <ClInclude Include="Common\BossEye.h">
      <Filter>Common</Filter>
    </ClInclude>
    <ClInclude Include="Common\GuidedMissile.h">
      <Filter>Common</Filter>
    </ClInclude>
  </ItemGroup>
  <ItemGroup>
    <None Include="fsVtxColor.glsl">
      <Filter>原始程式檔\Shader</Filter>
    </None>
    <None Include="vsVtxColorEX2.glsl">
      <Filter>原始程式檔</Filter>
    </None>
    <None Include="vsVtxColor.glsl">
      <Filter>原始程式檔\Shader</Filter>
    </None>
    <None Include="vsVtxColorEX1.glsl">
      <Filter>原始程式檔\Shader</Filter>
    </None>
  </ItemGroup>
</Project>